
Microsoft Visual Studio Solution File, Format Version 12.00
# Visual Studio Version 17
VisualStudioVersion = 17.0.32014.148
MinimumVisualStudioVersion = 10.0.40219.1
Project("{2150E333-8FDC-42A3-9474-1A3956D46DE8}") = "Solution Items", "Solution Items", "{12CE1AA2-C4C3-486E-8BA4-C72A2ECC9456}"
	ProjectSection(SolutionItems) = preProject
		.editorconfig = .editorconfig
		docs\img\bindopen_icon.png = docs\img\bindopen_icon.png
		CREDITS.txt = CREDITS.txt
		docs\Current-Release-Note.md = docs\Current-Release-Note.md
		LICENSE = LICENSE
		README.md = README.md
		TODO.md = TODO.md
	EndProjectSection
EndProject
Project("{2150E333-8FDC-42A3-9474-1A3956D46DE8}") = "Tests", "Tests", "{929B9298-4957-41A7-A6D6-E070E285E22E}"
EndProject
Project("{9A19103F-16F7-4668-BE54-9A1E7A4F7556}") = "Hosting.Abstractions", "src\Hosting.Abstractions\Hosting.Abstractions.csproj", "{F6A78B83-69DD-4755-8FC1-04C15C050FB8}"
EndProject
Project("{9A19103F-16F7-4668-BE54-9A1E7A4F7556}") = "Hosting", "src\Hosting\Hosting.csproj", "{86207AD2-9D5E-4EFD-94B6-F46D69E66F57}"
EndProject
Project("{9A19103F-16F7-4668-BE54-9A1E7A4F7556}") = "Tests.Hosting", "tests\Tests.Hosting\Tests.Hosting.csproj", "{EC6650C4-A830-4232-A2BB-F4EE3757AB77}"
EndProject
Global
	GlobalSection(SolutionConfigurationPlatforms) = preSolution
		Debug|Any CPU = Debug|Any CPU
		Release|Any CPU = Release|Any CPU
	EndGlobalSection
	GlobalSection(ProjectConfigurationPlatforms) = postSolution
		{F6A78B83-69DD-4755-8FC1-04C15C050FB8}.Debug|Any CPU.ActiveCfg = Debug|Any CPU
		{F6A78B83-69DD-4755-8FC1-04C15C050FB8}.Debug|Any CPU.Build.0 = Debug|Any CPU
		{F6A78B83-69DD-4755-8FC1-04C15C050FB8}.Release|Any CPU.ActiveCfg = Release|Any CPU
		{F6A78B83-69DD-4755-8FC1-04C15C050FB8}.Release|Any CPU.Build.0 = Release|Any CPU
		{86207AD2-9D5E-4EFD-94B6-F46D69E66F57}.Debug|Any CPU.ActiveCfg = Debug|Any CPU
		{86207AD2-9D5E-4EFD-94B6-F46D69E66F57}.Debug|Any CPU.Build.0 = Debug|Any CPU
		{86207AD2-9D5E-4EFD-94B6-F46D69E66F57}.Release|Any CPU.ActiveCfg = Release|Any CPU
		{86207AD2-9D5E-4EFD-94B6-F46D69E66F57}.Release|Any CPU.Build.0 = Release|Any CPU
		{EC6650C4-A830-4232-A2BB-F4EE3757AB77}.Debug|Any CPU.ActiveCfg = Debug|Any CPU
		{EC6650C4-A830-4232-A2BB-F4EE3757AB77}.Debug|Any CPU.Build.0 = Debug|Any CPU
		{EC6650C4-A830-4232-A2BB-F4EE3757AB77}.Release|Any CPU.ActiveCfg = Release|Any CPU
		{EC6650C4-A830-4232-A2BB-F4EE3757AB77}.Release|Any CPU.Build.0 = Release|Any CPU
	EndGlobalSection
	GlobalSection(SolutionProperties) = preSolution
		HideSolutionNode = FALSE
	EndGlobalSection
	GlobalSection(NestedProjects) = preSolution
		{EC6650C4-A830-4232-A2BB-F4EE3757AB77} = {929B9298-4957-41A7-A6D6-E070E285E22E}
	EndGlobalSection
	GlobalSection(ExtensibilityGlobals) = postSolution
		SolutionGuid = {96B56BCB-1F4B-4319-991B-1BABA2FB5443}
	EndGlobalSection
EndGlobal
